
Microsoft Visual Studio Solution File, Format Version 12.00
# Visual Studio Version 16
VisualStudioVersion = 16.0.31613.86
MinimumVisualStudioVersion = 10.0.40219.1
Project("{FAE04EC0-301F-11D3-BF4B-00C04F79EFBC}") = "MiExamenT1", "MiExamenT1\MiExamenT1.csproj", "{4A3CF89C-8487-4275-977A-1CCD4B9521C5}"
EndProject
Project("{FAE04EC0-301F-11D3-BF4B-00C04F79EFBC}") = "MiExamenT1.Test", "MiExamenT1.Test\MiExamenT1.Test.csproj", "{8ADFA45A-DEAB-467F-BCBF-4028609A27CF}"
EndProject
Global
	GlobalSection(SolutionConfigurationPlatforms) = preSolution
		Debug|Any CPU = Debug|Any CPU
		Release|Any CPU = Release|Any CPU
	EndGlobalSection
	GlobalSection(ProjectConfigurationPlatforms) = postSolution
		{4A3CF89C-8487-4275-977A-1CCD4B9521C5}.Debug|Any CPU.ActiveCfg = Debug|Any CPU
		{4A3CF89C-8487-4275-977A-1CCD4B9521C5}.Debug|Any CPU.Build.0 = Debug|Any CPU
		{4A3CF89C-8487-4275-977A-1CCD4B9521C5}.Release|Any CPU.ActiveCfg = Release|Any CPU
		{4A3CF89C-8487-4275-977A-1CCD4B9521C5}.Release|Any CPU.Build.0 = Release|Any CPU
		{8ADFA45A-DEAB-467F-BCBF-4028609A27CF}.Debug|Any CPU.ActiveCfg = Debug|Any CPU
		{8ADFA45A-DEAB-467F-BCBF-4028609A27CF}.Debug|Any CPU.Build.0 = Debug|Any CPU
		{8ADFA45A-DEAB-467F-BCBF-4028609A27CF}.Release|Any CPU.ActiveCfg = Release|Any CPU
		{8ADFA45A-DEAB-467F-BCBF-4028609A27CF}.Release|Any CPU.Build.0 = Release|Any CPU
	EndGlobalSection
	GlobalSection(SolutionProperties) = preSolution
		HideSolutionNode = FALSE
	EndGlobalSection
	GlobalSection(ExtensibilityGlobals) = postSolution
		SolutionGuid = {6E959280-2C8A-42BE-B93F-0317A082115A}
	EndGlobalSection
EndGlobal
